// !$*UTF8*$!
{
	archiveVersion = 1;
	classes = {
	};
	objectVersion = 46;
	objects = {

/* Begin PBXBuildFile section */
		A44BB6341BB4F3AB00B290CC /* main.m in Sources */ = {isa = PBXBuildFile; fileRef = A44BB6331BB4F3AB00B290CC /* main.m */; };
		A44BB6371BB4F3AB00B290CC /* AppDelegate.m in Sources */ = {isa = PBXBuildFile; fileRef = A44BB6361BB4F3AB00B290CC /* AppDelegate.m */; };
		A44BB63A1BB4F3AB00B290CC /* ViewController.m in Sources */ = {isa = PBXBuildFile; fileRef = A44BB6391BB4F3AB00B290CC /* ViewController.m */; };
		A44BB63D1BB4F3AB00B290CC /* Main.storyboard in Resources */ = {isa = PBXBuildFile; fileRef = A44BB63B1BB4F3AB00B290CC /* Main.storyboard */; };
		A44BB63F1BB4F3AB00B290CC /* Assets.xcassets in Resources */ = {isa = PBXBuildFile; fileRef = A44BB63E1BB4F3AB00B290CC /* Assets.xcassets */; };
		A44BB6421BB4F3AB00B290CC /* LaunchScreen.storyboard in Resources */ = {isa = PBXBuildFile; fileRef = A44BB6401BB4F3AB00B290CC /* LaunchScreen.storyboard */; };
		A44BB64D1BB4F3AB00B290CC /* NetworkSpeedTests.m in Sources */ = {isa = PBXBuildFile; fileRef = A44BB64C1BB4F3AB00B290CC /* NetworkSpeedTests.m */; };
		A44BB6581BB4F3AB00B290CC /* NetworkSpeedUITests.m in Sources */ = {isa = PBXBuildFile; fileRef = A44BB6571BB4F3AB00B290CC /* NetworkSpeedUITests.m */; };
		A44BB6691BB4F3EA00B290CC /* NetWorkSpeedMonitor.m in Sources */ = {isa = PBXBuildFile; fileRef = A44BB6661BB4F3EA00B290CC /* NetWorkSpeedMonitor.m */; settings = {ASSET_TAGS = (); }; };
		A44BB66A1BB4F3EA00B290CC /* Reachability.m in Sources */ = {isa = PBXBuildFile; fileRef = A44BB6681BB4F3EA00B290CC /* Reachability.m */; settings = {ASSET_TAGS = (); }; };
/* End PBXBuildFile section */

/* Begin PBXContainerItemProxy section */
		A44BB6491BB4F3AB00B290CC /* PBXContainerItemProxy */ = {
			isa = PBXContainerItemProxy;
			containerPortal = A44BB6271BB4F3AB00B290CC /* Project object */;
			proxyType = 1;
			remoteGlobalIDString = A44BB62E1BB4F3AB00B290CC;
			remoteInfo = NetworkSpeed;
		};
		A44BB6541BB4F3AB00B290CC /* PBXContainerItemProxy */ = {
			isa = PBXContainerItemProxy;
			containerPortal = A44BB6271BB4F3AB00B290CC /* Project object */;
			proxyType = 1;
			remoteGlobalIDString = A44BB62E1BB4F3AB00B290CC;
			remoteInfo = NetworkSpeed;
		};
/* End PBXContainerItemProxy section */

/* Begin PBXFileReference section */
		A44BB62F1BB4F3AB00B290CC /* NetworkSpeed.app */ = {isa = PBXFileReference; explicitFileType = wrapper.application; includeInIndex = 0; path = NetworkSpeed.app; sourceTree = BUILT_PRODUCTS_DIR; };
		A44BB6331BB4F3AB00B290CC /* main.m */ = {isa = PBXFileReference; lastKnownFileType = sourcecode.c.objc; path = main.m; sourceTree = "<group>"; };
		A44BB6351BB4F3AB00B290CC /* AppDelegate.h */ = {isa = PBXFileReference; lastKnownFileType = sourcecode.c.h; path = AppDelegate.h; sourceTree = "<group>"; };
		A44BB6361BB4F3AB00B290CC /* AppDelegate.m */ = {isa = PBXFileReference; lastKnownFileType = sourcecode.c.objc; path = AppDelegate.m; sourceTree = "<group>"; };
		A44BB6381BB4F3AB00B290CC /* ViewController.h */ = {isa = PBXFileReference; lastKnownFileType = sourcecode.c.h; path = ViewController.h; sourceTree = "<group>"; };
		A44BB6391BB4F3AB00B290CC /* ViewController.m */ = {isa = PBXFileReference; lastKnownFileType = sourcecode.c.objc; path = ViewController.m; sourceTree = "<group>"; };
		A44BB63C1BB4F3AB00B290CC /* Base */ = {isa = PBXFileReference; lastKnownFileType = file.storyboard; name = Base; path = Base.lproj/Main.storyboard; sourceTree = "<group>"; };
		A44BB63E1BB4F3AB00B290CC /* Assets.xcassets */ = {isa = PBXFileReference; lastKnownFileType = folder.assetcatalog; path = Assets.xcassets; sourceTree = "<group>"; };
		A44BB6411BB4F3AB00B290CC /* Base */ = {isa = PBXFileReference; lastKnownFileType = file.storyboard; name = Base; path = Base.lproj/LaunchScreen.storyboard; sourceTree = "<group>"; };
		A44BB6431BB4F3AB00B290CC /* Info.plist */ = {isa = PBXFileReference; lastKnownFileType = text.plist.xml; path = Info.plist; sourceTree = "<group>"; };
		A44BB6481BB4F3AB00B290CC /* NetworkSpeedTests.xctest */ = {isa = PBXFileReference; explicitFileType = wrapper.cfbundle; includeInIndex = 0; path = NetworkSpeedTests.xctest; sourceTree = BUILT_PRODUCTS_DIR; };
		A44BB64C1BB4F3AB00B290CC /* NetworkSpeedTests.m */ = {isa = PBXFileReference; lastKnownFileType = sourcecode.c.objc; path = NetworkSpeedTests.m; sourceTree = "<group>"; };
		A44BB64E1BB4F3AB00B290CC /* Info.plist */ = {isa = PBXFileReference; lastKnownFileType = text.plist.xml; path = Info.plist; sourceTree = "<group>"; };
		A44BB6531BB4F3AB00B290CC /* NetworkSpeedUITests.xctest */ = {isa = PBXFileReference; explicitFileType = wrapper.cfbundle; includeInIndex = 0; path = NetworkSpeedUITests.xctest; sourceTree = BUILT_PRODUCTS_DIR; };
		A44BB6571BB4F3AB00B290CC /* NetworkSpeedUITests.m */ = {isa = PBXFileReference; lastKnownFileType = sourcecode.c.objc; path = NetworkSpeedUITests.m; sourceTree = "<group>"; };
		A44BB6591BB4F3AB00B290CC /* Info.plist */ = {isa = PBXFileReference; lastKnownFileType = text.plist.xml; path = Info.plist; sourceTree = "<group>"; };
		A44BB6651BB4F3EA00B290CC /* NetWorkSpeedMonitor.h */ = {isa = PBXFileReference; fileEncoding = 4; lastKnownFileType = sourcecode.c.h; path = NetWorkSpeedMonitor.h; sourceTree = "<group>"; };
		A44BB6661BB4F3EA00B290CC /* NetWorkSpeedMonitor.m */ = {isa = PBXFileReference; fileEncoding = 4; lastKnownFileType = sourcecode.c.objc; path = NetWorkSpeedMonitor.m; sourceTree = "<group>"; };
		A44BB6671BB4F3EA00B290CC /* Reachability.h */ = {isa = PBXFileReference; fileEncoding = 4; lastKnownFileType = sourcecode.c.h; path = Reachability.h; sourceTree = "<group>"; };
		A44BB6681BB4F3EA00B290CC /* Reachability.m */ = {isa = PBXFileReference; fileEncoding = 4; lastKnownFileType = sourcecode.c.objc; path = Reachability.m; sourceTree = "<group>"; };
/* End PBXFileReference section */

/* Begin PBXFrameworksBuildPhase section */
		A44BB62C1BB4F3AB00B290CC /* Frameworks */ = {
			isa = PBXFrameworksBuildPhase;
			buildActionMask = 2147483647;
			files = (
			);
			runOnlyForDeploymentPostprocessing = 0;
		};
		A44BB6451BB4F3AB00B290CC /* Frameworks */ = {
			isa = PBXFrameworksBuildPhase;
			buildActionMask = 2147483647;
			files = (
			);
			runOnlyForDeploymentPostprocessing = 0;
		};
		A44BB6501BB4F3AB00B290CC /* Frameworks */ = {
			isa = PBXFrameworksBuildPhase;
			buildActionMask = 2147483647;
			files = (
			);
			runOnlyForDeploymentPostprocessing = 0;
		};
/* End PBXFrameworksBuildPhase section */

/* Begin PBXGroup section */
		A44BB6261BB4F3AB00B290CC = {
			isa = PBXGroup;
			children = (
				A44BB6311BB4F3AB00B290CC /* NetworkSpeed */,
				A44BB64B1BB4F3AB00B290CC /* NetworkSpeedTests */,
				A44BB6561BB4F3AB00B290CC /* NetworkSpeedUITests */,
				A44BB6301BB4F3AB00B290CC /* Products */,
			);
			sourceTree = "<group>";
		};
		A44BB6301BB4F3AB00B290CC /* Products */ = {
			isa = PBXGroup;
			children = (
				A44BB62F1BB4F3AB00B290CC /* NetworkSpeed.app */,
				A44BB6481BB4F3AB00B290CC /* NetworkSpeedTests.xctest */,
				A44BB6531BB4F3AB00B290CC /* NetworkSpeedUITests.xctest */,
			);
			name = Products;
			sourceTree = "<group>";
		};
		A44BB6311BB4F3AB00B290CC /* NetworkSpeed */ = {
			isa = PBXGroup;
			children = (
				A44BB6651BB4F3EA00B290CC /* NetWorkSpeedMonitor.h */,
				A44BB6661BB4F3EA00B290CC /* NetWorkSpeedMonitor.m */,
				A44BB6671BB4F3EA00B290CC /* Reachability.h */,
				A44BB6681BB4F3EA00B290CC /* Reachability.m */,
				A44BB6351BB4F3AB00B290CC /* AppDelegate.h */,
				A44BB6361BB4F3AB00B290CC /* AppDelegate.m */,
				A44BB6381BB4F3AB00B290CC /* ViewController.h */,
				A44BB6391BB4F3AB00B290CC /* ViewController.m */,
				A44BB63B1BB4F3AB00B290CC /* Main.storyboard */,
				A44BB63E1BB4F3AB00B290CC /* Assets.xcassets */,
				A44BB6401BB4F3AB00B290CC /* LaunchScreen.storyboard */,
				A44BB6431BB4F3AB00B290CC /* Info.plist */,
				A44BB6321BB4F3AB00B290CC /* Supporting Files */,
			);
			path = NetworkSpeed;
			sourceTree = "<group>";
		};
		A44BB6321BB4F3AB00B290CC /* Supporting Files */ = {
			isa = PBXGroup;
			children = (
				A44BB6331BB4F3AB00B290CC /* main.m */,
			);
			name = "Supporting Files";
			sourceTree = "<group>";
		};
		A44BB64B1BB4F3AB00B290CC /* NetworkSpeedTests */ = {
			isa = PBXGroup;
			children = (
				A44BB64C1BB4F3AB00B290CC /* NetworkSpeedTests.m */,
				A44BB64E1BB4F3AB00B290CC /* Info.plist */,
			);
			path = NetworkSpeedTests;
			sourceTree = "<group>";
		};
		A44BB6561BB4F3AB00B290CC /* NetworkSpeedUITests */ = {
			isa = PBXGroup;
			children = (
				A44BB6571BB4F3AB00B290CC /* NetworkSpeedUITests.m */,
				A44BB6591BB4F3AB00B290CC /* Info.plist */,
			);
			path = NetworkSpeedUITests;
			sourceTree = "<group>";
		};
/* End PBXGroup section */

/* Begin PBXNativeTarget section */
		A44BB62E1BB4F3AB00B290CC /* NetworkSpeed */ = {
			isa = PBXNativeTarget;
			buildConfigurationList = A44BB65C1BB4F3AB00B290CC /* Build configuration list for PBXNativeTarget "NetworkSpeed" */;
			buildPhases = (
				A44BB62B1BB4F3AB00B290CC /* Sources */,
				A44BB62C1BB4F3AB00B290CC /* Frameworks */,
				A44BB62D1BB4F3AB00B290CC /* Resources */,
			);
			buildRules = (
			);
			dependencies = (
			);
			name = NetworkSpeed;
			productName = NetworkSpeed;
			productReference = A44BB62F1BB4F3AB00B290CC /* NetworkSpeed.app */;
			productType = "com.apple.product-type.application";
		};
		A44BB6471BB4F3AB00B290CC /* NetworkSpeedTests */ = {
			isa = PBXNativeTarget;
			buildConfigurationList = A44BB65F1BB4F3AB00B290CC /* Build configuration list for PBXNativeTarget "NetworkSpeedTests" */;
			buildPhases = (
				A44BB6441BB4F3AB00B290CC /* Sources */,
				A44BB6451BB4F3AB00B290CC /* Frameworks */,
				A44BB6461BB4F3AB00B290CC /* Resources */,
			);
			buildRules = (
			);
			dependencies = (
				A44BB64A1BB4F3AB00B290CC /* PBXTargetDependency */,
			);
			name = NetworkSpeedTests;
			productName = NetworkSpeedTests;
			productReference = A44BB6481BB4F3AB00B290CC /* NetworkSpeedTests.xctest */;
			productType = "com.apple.product-type.bundle.unit-test";
		};
		A44BB6521BB4F3AB00B290CC /* NetworkSpeedUITests */ = {
			isa = PBXNativeTarget;
			buildConfigurationList = A44BB6621BB4F3AB00B290CC /* Build configuration list for PBXNativeTarget "NetworkSpeedUITests" */;
			buildPhases = (
				A44BB64F1BB4F3AB00B290CC /* Sources */,
				A44BB6501BB4F3AB00B290CC /* Frameworks */,
				A44BB6511BB4F3AB00B290CC /* Resources */,
			);
			buildRules = (
			);
			dependencies = (
				A44BB6551BB4F3AB00B290CC /* PBXTargetDependency */,
			);
			name = NetworkSpeedUITests;
			productName = NetworkSpeedUITests;
			productReference = A44BB6531BB4F3AB00B290CC /* NetworkSpeedUITests.xctest */;
			productType = "com.apple.product-type.bundle.ui-testing";
		};
/* End PBXNativeTarget section */

/* Begin PBXProject section */
		A44BB6271BB4F3AB00B290CC /* Project object */ = {
			isa = PBXProject;
			attributes = {
				LastUpgradeCheck = 0700;
				ORGANIZATIONNAME = ifandong;
				TargetAttributes = {
					A44BB62E1BB4F3AB00B290CC = {
						CreatedOnToolsVersion = 7.0;
						DevelopmentTeam = 4N8C22Y7VD;
					};
					A44BB6471BB4F3AB00B290CC = {
						CreatedOnToolsVersion = 7.0;
						TestTargetID = A44BB62E1BB4F3AB00B290CC;
					};
					A44BB6521BB4F3AB00B290CC = {
						CreatedOnToolsVersion = 7.0;
						TestTargetID = A44BB62E1BB4F3AB00B290CC;
					};
				};
			};
			buildConfigurationList = A44BB62A1BB4F3AB00B290CC /* Build configuration list for PBXProject "NetworkSpeed" */;
			compatibilityVersion = "Xcode 3.2";
			developmentRegion = English;
			hasScannedForEncodings = 0;
			knownRegions = (
				en,
				Base,
			);
			mainGroup = A44BB6261BB4F3AB00B290CC;
			productRefGroup = A44BB6301BB4F3AB00B290CC /* Products */;
			projectDirPath = "";
			projectRoot = "";
			targets = (
				A44BB62E1BB4F3AB00B290CC /* NetworkSpeed */,
				A44BB6471BB4F3AB00B290CC /* NetworkSpeedTests */,
				A44BB6521BB4F3AB00B290CC /* NetworkSpeedUITests */,
			);
		};
/* End PBXProject section */

/* Begin PBXResourcesBuildPhase section */
		A44BB62D1BB4F3AB00B290CC /* Resources */ = {
			isa = PBXResourcesBuildPhase;
			buildActionMask = 2147483647;
			files = (
				A44BB6421BB4F3AB00B290CC /* LaunchScreen.storyboard in Resources */,
				A44BB63F1BB4F3AB00B290CC /* Assets.xcassets in Resources */,
				A44BB63D1BB4F3AB00B290CC /* Main.storyboard in Resources */,
			);
			runOnlyForDeploymentPostprocessing = 0;
		};
		A44BB6461BB4F3AB00B290CC /* Resources */ = {
			isa = PBXResourcesBuildPhase;
			buildActionMask = 2147483647;
			files = (
			);
			runOnlyForDeploymentPostprocessing = 0;
		};
		A44BB6511BB4F3AB00B290CC /* Resources */ = {
			isa = PBXResourcesBuildPhase;
			buildActionMask = 2147483647;
			files = (
			);
			runOnlyForDeploymentPostprocessing = 0;
		};
/* End PBXResourcesBuildPhase section */

/* Begin PBXSourcesBuildPhase section */
		A44BB62B1BB4F3AB00B290CC /* Sources */ = {
			isa = PBXSourcesBuildPhase;
			buildActionMask = 2147483647;
			files = (
				A44BB63A1BB4F3AB00B290CC /* ViewController.m in Sources */,
				A44BB6371BB4F3AB00B290CC /* AppDelegate.m in Sources */,
				A44BB6341BB4F3AB00B290CC /* main.m in Sources */,
				A44BB6691BB4F3EA00B290CC /* NetWorkSpeedMonitor.m in Sources */,
				A44BB66A1BB4F3EA00B290CC /* Reachability.m in Sources */,
			);
			runOnlyForDeploymentPostprocessing = 0;
		};
		A44BB6441BB4F3AB00B290CC /* Sources */ = {
			isa = PBXSourcesBuildPhase;
			buildActionMask = 2147483647;
			files = (
				A44BB64D1BB4F3AB00B290CC /* NetworkSpeedTests.m in Sources */,
			);
			runOnlyForDeploymentPostprocessing = 0;
		};
		A44BB64F1BB4F3AB00B290CC /* Sources */ = {
			isa = PBXSourcesBuildPhase;
			buildActionMask = 2147483647;
			files = (
				A44BB6581BB4F3AB00B290CC /* NetworkSpeedUITests.m in Sources */,
			);
			runOnlyForDeploymentPostprocessing = 0;
		};
/* End PBXSourcesBuildPhase section */

/* Begin PBXTargetDependency section */
		A44BB64A1BB4F3AB00B290CC /* PBXTargetDependency */ = {
			isa = PBXTargetDependency;
			target = A44BB62E1BB4F3AB00B290CC /* NetworkSpeed */;
			targetProxy = A44BB6491BB4F3AB00B290CC /* PBXContainerItemProxy */;
		};
		A44BB6551BB4F3AB00B290CC /* PBXTargetDependency */ = {
			isa = PBXTargetDependency;
			target = A44BB62E1BB4F3AB00B290CC /* NetworkSpeed */;
			targetProxy = A44BB6541BB4F3AB00B290CC /* PBXContainerItemProxy */;
		};
/* End PBXTargetDependency section */

/* Begin PBXVariantGroup section */
		A44BB63B1BB4F3AB00B290CC /* Main.storyboard */ = {
			isa = PBXVariantGroup;
			children = (
				A44BB63C1BB4F3AB00B290CC /* Base */,
			);
			name = Main.storyboard;
			sourceTree = "<group>";
		};
		A44BB6401BB4F3AB00B290CC /* LaunchScreen.storyboard */ = {
			isa = PBXVariantGroup;
			children = (
				A44BB6411BB4F3AB00B290CC /* Base */,
			);
			name = LaunchScreen.storyboard;
			sourceTree = "<group>";
		};
/* End PBXVariantGroup section */

/* Begin XCBuildConfiguration section */
		A44BB65A1BB4F3AB00B290CC /* Debug */ = {
			isa = XCBuildConfiguration;
			buildSettings = {
				ALWAYS_SEARCH_USER_PATHS = NO;
				CLANG_CXX_LANGUAGE_STANDARD = "gnu++0x";
				CLANG_CXX_LIBRARY = "libc++";
				CLANG_ENABLE_MODULES = YES;
				CLANG_ENABLE_OBJC_ARC = YES;
				CLANG_WARN_BOOL_CONVERSION = YES;
				CLANG_WARN_CONSTANT_CONVERSION = YES;
				CLANG_WARN_DIRECT_OBJC_ISA_USAGE = YES_ERROR;
				CLANG_WARN_EMPTY_BODY = YES;
				CLANG_WARN_ENUM_CONVERSION = YES;
				CLANG_WARN_INT_CONVERSION = YES;
				CLANG_WARN_OBJC_ROOT_CLASS = YES_ERROR;
				CLANG_WARN_UNREACHABLE_CODE = YES;
				CLANG_WARN__DUPLICATE_METHOD_MATCH = YES;
				"CODE_SIGN_IDENTITY[sdk=iphoneos*]" = "iPhone Developer";
				COPY_PHASE_STRIP = NO;
				DEBUG_INFORMATION_FORMAT = dwarf;
				ENABLE_STRICT_OBJC_MSGSEND = YES;
				ENABLE_TESTABILITY = YES;
				GCC_C_LANGUAGE_STANDARD = gnu99;
				GCC_DYNAMIC_NO_PIC = NO;
				GCC_NO_COMMON_BLOCKS = YES;
				GCC_OPTIMIZATION_LEVEL = 0;
				GCC_PREPROCESSOR_DEFINITIONS = (
					"DEBUG=1",
					"$(inherited)",
				);
				GCC_WARN_64_TO_32_BIT_CONVERSION = YES;
				GCC_WARN_ABOUT_RETURN_TYPE = YES_ERROR;
				GCC_WARN_UNDECLARED_SELECTOR = YES;
				GCC_WARN_UNINITIALIZED_AUTOS = YES_AGGRESSIVE;
				GCC_WARN_UNUSED_FUNCTION = YES;
				GCC_WARN_UNUSED_VARIABLE = YES;
				IPHONEOS_DEPLOYMENT_TARGET = 9.0;
				MTL_ENABLE_DEBUG_INFO = YES;
				ONLY_ACTIVE_ARCH = YES;
				SDKROOT = iphoneos;
				TARGETED_DEVICE_FAMILY = "1,2";
			};
			name = Debug;
		};
		A44BB65B1BB4F3AB00B290CC /* Release */ = {
			isa = XCBuildConfiguration;
			buildSettings = {
				ALWAYS_SEARCH_USER_PATHS = NO;
				CLANG_CXX_LANGUAGE_STANDARD = "gnu++0x";
				CLANG_CXX_LIBRARY = "libc++";
				CLANG_ENABLE_MODULES = YES;
				CLANG_ENABLE_OBJC_ARC = YES;
				CLANG_WARN_BOOL_CONVERSION = YES;
				CLANG_WARN_CONSTANT_CONVERSION = YES;
				CLANG_WARN_DIRECT_OBJC_ISA_USAGE = YES_ERROR;
				CLANG_WARN_EMPTY_BODY = YES;
				CLANG_WARN_ENUM_CONVERSION = YES;
				CLANG_WARN_INT_CONVERSION = YES;
				CLANG_WARN_OBJC_ROOT_CLASS = YES_ERROR;
				CLANG_WARN_UNREACHABLE_CODE = YES;
				CLANG_WARN__DUPLICATE_METHOD_MATCH = YES;
				"CODE_SIGN_IDENTITY[sdk=iphoneos*]" = "iPhone Developer";
				COPY_PHASE_STRIP = NO;
				DEBUG_INFORMATION_FORMAT = "dwarf-with-dsym";
				ENABLE_NS_ASSERTIONS = NO;
				ENABLE_STRICT_OBJC_MSGSEND = YES;
				GCC_C_LANGUAGE_STANDARD = gnu99;
				GCC_NO_COMMON_BLOCKS = YES;
				GCC_WARN_64_TO_32_BIT_CONVERSION = YES;
				GCC_WARN_ABOUT_RETURN_TYPE = YES_ERROR;
				GCC_WARN_UNDECLARED_SELECTOR = YES;
				GCC_WARN_UNINITIALIZED_AUTOS = YES_AGGRESSIVE;
				GCC_WARN_UNUSED_FUNCTION = YES;
				GCC_WARN_UNUSED_VARIABLE = YES;
				IPHONEOS_DEPLOYMENT_TARGET = 9.0;
				MTL_ENABLE_DEBUG_INFO = NO;
				SDKROOT = iphoneos;
				TARGETED_DEVICE_FAMILY = "1,2";
				VALIDATE_PRODUCT = YES;
			};
			name = Release;
		};
		A44BB65D1BB4F3AB00B290CC /* Debug */ = {
			isa = XCBuildConfiguration;
			buildSettings = {
				ASSETCATALOG_COMPILER_APPICON_NAME = AppIcon;
				CODE_SIGN_IDENTITY = "iPhone Developer";
				INFOPLIST_FILE = NetworkSpeed/Info.plist;
				LD_RUNPATH_SEARCH_PATHS = "$(inherited) @executable_path/Frameworks";
				PRODUCT_BUNDLE_IDENTIFIER = com.ifandong.NetworkSpeed;
				PRODUCT_NAME = "$(TARGET_NAME)";
			};
			name = Debug;
		};
		A44BB65E1BB4F3AB00B290CC /* Release */ = {
			isa = XCBuildConfiguration;
			buildSettings = {
				ASSETCATALOG_COMPILER_APPICON_NAME = AppIcon;
				CODE_SIGN_IDENTITY = "iPhone Developer";
				INFOPLIST_FILE = NetworkSpeed/Info.plist;
				LD_RUNPATH_SEARCH_PATHS = "$(inherited) @executable_path/Frameworks";
				PRODUCT_BUNDLE_IDENTIFIER = com.ifandong.NetworkSpeed;
				PRODUCT_NAME = "$(TARGET_NAME)";
			};
			name = Release;
		};
		A44BB6601BB4F3AB00B290CC /* Debug */ = {
			isa = XCBuildConfiguration;
			buildSettings = {
				BUNDLE_LOADER = "$(TEST_HOST)";
				INFOPLIST_FILE = NetworkSpeedTests/Info.plist;
				LD_RUNPATH_SEARCH_PATHS = "$(inherited) @executable_path/Frameworks @loader_path/Frameworks";
				PRODUCT_BUNDLE_IDENTIFIER = com.ifandong.NetworkSpeedTests;
				PRODUCT_NAME = "$(TARGET_NAME)";
				TEST_HOST = "$(BUILT_PRODUCTS_DIR)/NetworkSpeed.app/NetworkSpeed";
			};
			name = Debug;
		};
		A44BB6611BB4F3AB00B290CC /* Release */ = {
			isa = XCBuildConfiguration;
			buildSettings = {
				BUNDLE_LOADER = "$(TEST_HOST)";
				INFOPLIST_FILE = NetworkSpeedTests/Info.plist;
				LD_RUNPATH_SEARCH_PATHS = "$(inherited) @executable_path/Frameworks @loader_path/Frameworks";
				PRODUCT_BUNDLE_IDENTIFIER = com.ifandong.NetworkSpeedTests;
				PRODUCT_NAME = "$(TARGET_NAME)";
				TEST_HOST = "$(BUILT_PRODUCTS_DIR)/NetworkSpeed.app/NetworkSpeed";
			};
			name = Release;
		};
		A44BB6631BB4F3AB00B290CC /* Debug */ = {
			isa = XCBuildConfiguration;
			buildSettings = {
				INFOPLIST_FILE = NetworkSpeedUITests/Info.plist;
				LD_RUNPATH_SEARCH_PATHS = "$(inherited) @executable_path/Frameworks @loader_path/Frameworks";
				PRODUCT_BUNDLE_IDENTIFIER = com.ifandong.NetworkSpeedUITests;
				PRODUCT_NAME = "$(TARGET_NAME)";
				TEST_TARGET_NAME = NetworkSpeed;
				USES_XCTRUNNER = YES;
			};
			name = Debug;
		};
		A44BB6641BB4F3AB00B290CC /* Release */ = {
			isa = XCBuildConfiguration;
			buildSettings = {
				INFOPLIST_FILE = NetworkSpeedUITests/Info.plist;
				LD_RUNPATH_SEARCH_PATHS = "$(inherited) @executable_path/Frameworks @loader_path/Frameworks";
				PRODUCT_BUNDLE_IDENTIFIER = com.ifandong.NetworkSpeedUITests;
				PRODUCT_NAME = "$(TARGET_NAME)";
				TEST_TARGET_NAME = NetworkSpeed;
				USES_XCTRUNNER = YES;
			};
			name = Release;
		};
/* End XCBuildConfiguration section */

/* Begin XCConfigurationList section */
		A44BB62A1BB4F3AB00B290CC /* Build configuration list for PBXProject "NetworkSpeed" */ = {
			isa = XCConfigurationList;
			buildConfigurations = (
				A44BB65A1BB4F3AB00B290CC /* Debug */,
				A44BB65B1BB4F3AB00B290CC /* Release */,
			);
			defaultConfigurationIsVisible = 0;
			defaultConfigurationName = Release;
		};
		A44BB65C1BB4F3AB00B290CC /* Build configuration list for PBXNativeTarget "NetworkSpeed" */ = {
			isa = XCConfigurationList;
			buildConfigurations = (
				A44BB65D1BB4F3AB00B290CC /* Debug */,
				A44BB65E1BB4F3AB00B290CC /* Release */,
			);
			defaultConfigurationIsVisible = 0;
			defaultConfigurationName = Release;
		};
		A44BB65F1BB4F3AB00B290CC /* Build configuration list for PBXNativeTarget "NetworkSpeedTests" */ = {
			isa = XCConfigurationList;
			buildConfigurations = (
				A44BB6601BB4F3AB00B290CC /* Debug */,
				A44BB6611BB4F3AB00B290CC /* Release */,
			);
			defaultConfigurationIsVisible = 0;
			defaultConfigurationName = Release;
		};
		A44BB6621BB4F3AB00B290CC /* Build configuration list for PBXNativeTarget "NetworkSpeedUITests" */ = {
			isa = XCConfigurationList;
			buildConfigurations = (
				A44BB6631BB4F3AB00B290CC /* Debug */,
				A44BB6641BB4F3AB00B290CC /* Release */,
			);
			defaultConfigurationIsVisible = 0;
			defaultConfigurationName = Release;
		};
/* End XCConfigurationList section */
	};
	rootObject = A44BB6271BB4F3AB00B290CC /* Project object */;
}
